{
  "requires": true,
  "lockfileVersion": 1,
  "dependencies": {
    "es6-promise": {
      "version": "4.2.5",
      "resolved": "https://registry.npmjs.org/es6-promise/-/es6-promise-4.2.5.tgz",
      "integrity": "sha512-n6wvpdE43VFtJq+lUDYDBFUwV8TZbuGXLV4D6wKafg13ldznKsyEvatubnmUe31zcvelSzOHF+XbaT+Bl9ObDg=="
    },
    "pdf-image": {
      "version": "2.0.0",
      "resolved": "https://registry.npmjs.org/pdf-image/-/pdf-image-2.0.0.tgz",
      "integrity": "sha512-RyB8f/Khw8wZt2xXGWtQu/5ZyKl4pzNSi9/dnYNJOuGnxRiZvmUVmz6xmG6Xts53k8ZZaOBjDwoT4jjAVzIoPQ==",
      "requires": {
        "es6-promise": "~4.2.4"
      }
    }
  }
}
